
Microsoft Visual Studio Solution File, Format Version 12.00
# Visual Studio Version 16
VisualStudioVersion = 16.0.32630.194
MinimumVisualStudioVersion = 10.0.40219.1
Project("{FAE04EC0-301F-11D3-BF4B-00C04F79EFBC}") = "Entity Framework", "Entity Framework\Entity Framework.csproj", "{24BE7F2B-EC4F-43B8-AB64-D2FDE7F4BFC3}"
EndProject
Global
	GlobalSection(SolutionConfigurationPlatforms) = preSolution
		Debug|Any CPU = Debug|Any CPU
		Release|Any CPU = Release|Any CPU
	EndGlobalSection
	GlobalSection(ProjectConfigurationPlatforms) = postSolution
		{24BE7F2B-EC4F-43B8-AB64-D2FDE7F4BFC3}.Debug|Any CPU.ActiveCfg = Debug|Any CPU
		{24BE7F2B-EC4F-43B8-AB64-D2FDE7F4BFC3}.Debug|Any CPU.Build.0 = Debug|Any CPU
		{24BE7F2B-EC4F-43B8-AB64-D2FDE7F4BFC3}.Release|Any CPU.ActiveCfg = Release|Any CPU
		{24BE7F2B-EC4F-43B8-AB64-D2FDE7F4BFC3}.Release|Any CPU.Build.0 = Release|Any CPU
	EndGlobalSection
	GlobalSection(SolutionProperties) = preSolution
		HideSolutionNode = FALSE
	EndGlobalSection
	GlobalSection(ExtensibilityGlobals) = postSolution
		SolutionGuid = {69F0B838-579B-4450-A485-C65D8A3520C0}
	EndGlobalSection
EndGlobal
